{
  "nodes": {
    "hugo-PaperMod": {
      "flake": false,
      "locked": {
        "lastModified": 1723905772,
        "narHash": "sha256-iKKAAR5ipeimIgC137tbpkWlwIzNDAcPPKNLwdhW1CI=",
        "owner": "adityatelange",
        "repo": "hugo-PaperMod",
        "rev": "58c4841c26325eaa788d9b13e65d5dfc95d9367c",
        "type": "github"
      },
      "original": {
        "owner": "adityatelange",
        "repo": "hugo-PaperMod",
        "type": "github"
      }
    },
    "nixpkgs": {
      "locked": {
        "lastModified": 1725626040,
        "narHash": "sha256-ashXMMnY0OmXidpj+ilSQiqpb4QHDiWsvfRrawLnGLo=",
        "owner": "nixos",
        "repo": "nixpkgs",
        "rev": "aa3169dbfb0fc386658839f2db17d05bc4b399f0",
        "type": "github"
      },
      "original": {
        "owner": "nixos",
        "repo": "nixpkgs",
        "type": "github"
      }
    },
    "root": {
      "inputs": {
        "hugo-PaperMod": "hugo-PaperMod",
        "nixpkgs": "nixpkgs",
        "utils": "utils"
      }
    },
    "systems": {
      "locked": {
        "lastModified": 1681028828,
        "narHash": "sha256-Vy1rq5AaRuLzOxct8nz4T6wlgyUR7zLU309k9mBC768=",
        "owner": "nix-systems",
        "repo": "default",
        "rev": "da67096a3b9bf56a91d16901293e51ba5b49a27e",
        "type": "github"
      },
      "original": {
        "owner": "nix-systems",
        "repo": "default",
        "type": "github"
      }
    },
    "utils": {
      "inputs": {
        "systems": "systems"
      },
      "locked": {
        "lastModified": 1710146030,
        "narHash": "sha256-SZ5L6eA7HJ/nmkzGG7/ISclqe6oZdOZTNoesiInkXPQ=",
        "owner": "numtide",
        "repo": "flake-utils",
        "rev": "b1d9ab70662946ef0850d488da1c9019f3a9752a",
        "type": "github"
      },
      "original": {
        "owner": "numtide",
        "repo": "flake-utils",
        "type": "github"
      }
    }
  },
  "root": "root",
  "version": 7
}
